# THIS IS AN AUTOGENERATED FILE. DO NOT EDIT THIS FILE DIRECTLY.
# yarn lockfile v1


"@types/node@^10.12.17":
  version "10.12.17"
  resolved "https://registry.yarnpkg.com/@types/node/-/node-10.12.17.tgz#7040565b2c93d59325a68fa69073e754a7eda93a"
  integrity sha512-umSCRkjWH70uNzFiOof5yxCqrMXIBJ9UJJUzbEsmtWt8apURQh06pylGMqnhdjHGJSeoBrhzk+mibu6NgL1oBA==
